<?xml version="1.0" encoding="utf-8"?>
<Project ToolsVersion="4.0" xmlns="http://schemas.microsoft.com/developer/msbuild/2003">
  <ItemGroup>
    <Filter Include="Source Files">
      <UniqueIdentifier>{735b3588-21a5-4b89-adc7-110940c1e952}</UniqueIdentifier>
      <Extensions>cpp;c;cxx;rc;def;r;odl;idl;hpj;bat</Extensions>
    </Filter>
    <Filter Include="Header Files">
      <UniqueIdentifier>{823e5bff-da0d-4f53-a173-d55973a68a8c}</UniqueIdentifier>
      <Extensions>h;hpp;hxx;hm;inl</Extensions>
    </Filter>
  </ItemGroup>
  <ItemGroup>
    <ClInclude Include="..\..\squirrel\sqstdaux.h">
      <Filter>Header Files</Filter>
    </ClInclude>
    <ClInclude Include="..\..\squirrel\sqstdblob.h">
      <Filter>Header Files</Filter>
    </ClInclude>
    <ClInclude Include="..\..\squirrel\sqstdio.h">
      <Filter>Header Files</Filter>
    </ClInclude>
    <ClInclude Include="..\..\squirrel\sqstdmath.h">
      <Filter>Header Files</Filter>
    </ClInclude>
    <ClInclude Include="..\..\squirrel\sqstdstring.h">
      <Filter>Header Files</Filter>
    </ClInclude>
    <ClInclude Include="..\..\squirrel\sqstdsystem.h">
      <Filter>Header Files</Filter>
    </ClInclude>
    <ClInclude Include="..\..\squirrel\squirrel.h">
      <Filter>Header Files</Filter>
    </ClInclude>
    <ClInclude Include="sqobject.h">
      <Filter>Header Files</Filter>
    </ClInclude>
    <ClInclude Include="sqopcodes.h">
      <Filter>Header Files</Filter>
    </ClInclude>
    <ClInclude Include="sqpcheader.h">
      <Filter>Header Files</Filter>
    </ClInclude>
    <ClInclude Include="sqstate.h">
      <Filter>Header Files</Filter>
    </ClInclude>
    <ClInclude Include="sqstring.h">
      <Filter>Header Files</Filter>
    </ClInclude>
    <ClInclude Include="sqtable.h">
      <Filter>Header Files</Filter>
    </ClInclude>
    <ClInclude Include="squserdata.h">
      <Filter>Header Files</Filter>
    </ClInclude>
    <ClInclude Include="squtils.h">
      <Filter>Header Files</Filter>
    </ClInclude>
    <ClInclude Include="sqvm.h">
      <Filter>Header Files</Filter>
    </ClInclude>
    <ClInclude Include="sqarray.h">
      <Filter>Header Files</Filter>
    </ClInclude>
    <ClInclude Include="sqclass.h">
      <Filter>Header Files</Filter>
    </ClInclude>
    <ClInclude Include="sqclosure.h">
      <Filter>Header Files</Filter>
    </ClInclude>
    <ClInclude Include="sqcompiler.h">
      <Filter>Header Files</Filter>
    </ClInclude>
    <ClInclude Include="sqfuncproto.h">
      <Filter>Header Files</Filter>
    </ClInclude>
    <ClInclude Include="sqfuncstate.h">
      <Filter>Header Files</Filter>
    </ClInclude>
    <ClInclude Include="sqlexer.h">
      <Filter>Header Files</Filter>
    </ClInclude>
  </ItemGroup>
  <ItemGroup>
    <ClCompile Include="sqmem.cpp">
      <Filter>Source Files</Filter>
    </ClCompile>
    <ClCompile Include="sqobject.cpp">
      <Filter>Source Files</Filter>
    </ClCompile>
    <ClCompile Include="sqstate.cpp">
      <Filter>Source Files</Filter>
    </ClCompile>
    <ClCompile Include="sqtable.cpp">
      <Filter>Source Files</Filter>
    </ClCompile>
    <ClCompile Include="sqvm.cpp">
      <Filter>Source Files</Filter>
    </ClCompile>
    <ClCompile Include="sqapi.cpp">
      <Filter>Source Files</Filter>
    </ClCompile>
    <ClCompile Include="sqbaselib.cpp">
      <Filter>Source Files</Filter>
    </ClCompile>
    <ClCompile Include="sqclass.cpp">
      <Filter>Source Files</Filter>
    </ClCompile>
    <ClCompile Include="sqcompiler.cpp">
      <Filter>Source Files</Filter>
    </ClCompile>
    <ClCompile Include="sqdebug.cpp">
      <Filter>Source Files</Filter>
    </ClCompile>
    <ClCompile Include="sqfuncstate.cpp">
      <Filter>Source Files</Filter>
    </ClCompile>
    <ClCompile Include="sqlexer.cpp">
      <Filter>Source Files</Filter>
    </ClCompile>
  </ItemGroup>
</Project>