<?xml version="1.0" encoding="utf-8"?>
<Project ToolsVersion="4.0" xmlns="http://schemas.microsoft.com/developer/msbuild/2003">
  <ItemGroup>
    <Filter Include="Source Files">
      <UniqueIdentifier>{4FC737F1-C7A5-4376-A066-2A32D752A2FF}</UniqueIdentifier>
      <Extensions>cpp;c;cc;cxx;def;odl;idl;hpj;bat;asm;asmx</Extensions>
    </Filter>
    <Filter Include="Header Files">
      <UniqueIdentifier>{93995380-89BD-4b04-88EB-625FBE52EBFB}</UniqueIdentifier>
      <Extensions>h;hh;hpp;hxx;hm;inl;inc;xsd</Extensions>
    </Filter>
    <Filter Include="Resource Files">
      <UniqueIdentifier>{67DA6AB6-F800-4c08-8B7A-83BB121AAD01}</UniqueIdentifier>
      <Extensions>rc;ico;cur;bmp;dlg;rc2;rct;bin;rgs;gif;jpg;jpeg;jpe;resx;tiff;tif;png;wav;mfcribbon-ms</Extensions>
    </Filter>
    <Filter Include="Header Files\Squirrel">
      <UniqueIdentifier>{128bb00c-ccbd-4b90-bba4-1e06670bd2d9}</UniqueIdentifier>
    </Filter>
    <Filter Include="Header Files\VCMP">
      <UniqueIdentifier>{701a3c7a-7b03-46ba-b468-03edfe554488}</UniqueIdentifier>
    </Filter>
  </ItemGroup>
  <ItemGroup>
    <ClInclude Include="inc\sqconfig.h">
      <Filter>Header Files\Squirrel</Filter>
    </ClInclude>
    <ClInclude Include="inc\squirrel.h">
      <Filter>Header Files\Squirrel</Filter>
    </ClInclude>
    <ClInclude Include="inc\VCMP.h">
      <Filter>Header Files\VCMP</Filter>
    </ClInclude>
    <ClInclude Include="src\Client.h">
      <Filter>Header Files</Filter>
    </ClInclude>
    <ClInclude Include="src\main.h">
      <Filter>Header Files</Filter>
    </ClInclude>
    <ClInclude Include="src\RCON.h">
      <Filter>Header Files</Filter>
    </ClInclude>
    <ClInclude Include="inc\SQImports.h">
      <Filter>Header Files\Squirrel</Filter>
    </ClInclude>
    <ClInclude Include="inc\SQModule.h">
      <Filter>Header Files\Squirrel</Filter>
    </ClInclude>
    <ClInclude Include="src\events.h">
      <Filter>Header Files</Filter>
    </ClInclude>
    <ClInclude Include="src\SquirrelFunctions.h">
      <Filter>Header Files</Filter>
    </ClInclude>
  </ItemGroup>
  <ItemGroup>
    <ClCompile Include="src\Client.cpp">
      <Filter>Source Files</Filter>
    </ClCompile>
    <ClCompile Include="src\main.cpp">
      <Filter>Source Files</Filter>
    </ClCompile>
    <ClCompile Include="src\RCON.cpp">
      <Filter>Source Files</Filter>
    </ClCompile>
    <ClCompile Include="src\events.cpp">
      <Filter>Source Files</Filter>
    </ClCompile>
    <ClCompile Include="src\SquirrelFunctions.cpp">
      <Filter>Source Files</Filter>
    </ClCompile>
  </ItemGroup>
</Project>